
Microsoft Visual Studio Solution File, Format Version 12.00
# Visual Studio Version 17
VisualStudioVersion = 17.5.33516.290
MinimumVisualStudioVersion = 10.0.40219.1
Project("{FAE04EC0-301F-11D3-BF4B-00C04F79EFBC}") = "web.healthymarket", "web.healthymarket.csproj", "{721BF39B-1FEC-4E2B-B75C-EAC256E1CC6C}"
EndProject
Global
	GlobalSection(SolutionConfigurationPlatforms) = preSolution
		Debug|Any CPU = Debug|Any CPU
		Release|Any CPU = Release|Any CPU
	EndGlobalSection
	GlobalSection(ProjectConfigurationPlatforms) = postSolution
		{721BF39B-1FEC-4E2B-B75C-EAC256E1CC6C}.Debug|Any CPU.ActiveCfg = Debug|Any CPU
		{721BF39B-1FEC-4E2B-B75C-EAC256E1CC6C}.Debug|Any CPU.Build.0 = Debug|Any CPU
		{721BF39B-1FEC-4E2B-B75C-EAC256E1CC6C}.Release|Any CPU.ActiveCfg = Release|Any CPU
		{721BF39B-1FEC-4E2B-B75C-EAC256E1CC6C}.Release|Any CPU.Build.0 = Release|Any CPU
	EndGlobalSection
	GlobalSection(SolutionProperties) = preSolution
		HideSolutionNode = FALSE
	EndGlobalSection
	GlobalSection(ExtensibilityGlobals) = postSolution
		SolutionGuid = {AF267A73-855A-43F8-8A3D-01C55FE01A5D}
	EndGlobalSection
EndGlobal
